{
  "name": "TypeScriptWebRTC",
  "version": "1.0.0",
  "lockfileVersion": 1,
  "requires": true,
  "dependencies": {
    "@types/webrtc": {
      "version": "0.0.22",
      "resolved": "https://registry.npmjs.org/@types/webrtc/-/webrtc-0.0.22.tgz",
      "integrity": "sha512-Kqs2Za1bJ/Q2QOvei0mdUI89qklGswApOUt4NHeT1Ycsni1gXzsPMgrgm5Um1ICVloIMG1sEVf2tqF+hb+T+Rw=="
    }
  }
}
